
Microsoft Visual Studio Solution File, Format Version 12.00
# Visual Studio Version 16
VisualStudioVersion = 16.0.30011.22
MinimumVisualStudioVersion = 10.0.40219.1
Project("{9A19103F-16F7-4668-BE54-9A1E7A4F7556}") = "ProductManager", "ProductManager\ProductManager.csproj", "{1AD170CD-B336-4CC2-A94A-88BC5CBFA60B}"
EndProject
Project("{9A19103F-16F7-4668-BE54-9A1E7A4F7556}") = "ProductService.DataTransfer", "ProductService.DataTransferObjects\ProductService.DataTransfer.csproj", "{EABB5805-11E6-4A30-A291-701B7D25C003}"
EndProject
Project("{9A19103F-16F7-4668-BE54-9A1E7A4F7556}") = "Tester", "Tester\Tester.csproj", "{A19F9AC9-1A33-4702-BCF7-949C6053C939}"
EndProject
Project("{9A19103F-16F7-4668-BE54-9A1E7A4F7556}") = "TestPublishing", "TestPublishing\TestPublishing.csproj", "{49A0DA17-28B9-4C3B-A79B-C7BB9F4577AA}"
EndProject
Global
	GlobalSection(SolutionConfigurationPlatforms) = preSolution
		Debug|Any CPU = Debug|Any CPU
		Release|Any CPU = Release|Any CPU
	EndGlobalSection
	GlobalSection(ProjectConfigurationPlatforms) = postSolution
		{1AD170CD-B336-4CC2-A94A-88BC5CBFA60B}.Debug|Any CPU.ActiveCfg = Debug|Any CPU
		{1AD170CD-B336-4CC2-A94A-88BC5CBFA60B}.Debug|Any CPU.Build.0 = Debug|Any CPU
		{1AD170CD-B336-4CC2-A94A-88BC5CBFA60B}.Release|Any CPU.ActiveCfg = Release|Any CPU
		{1AD170CD-B336-4CC2-A94A-88BC5CBFA60B}.Release|Any CPU.Build.0 = Release|Any CPU
		{EABB5805-11E6-4A30-A291-701B7D25C003}.Debug|Any CPU.ActiveCfg = Debug|Any CPU
		{EABB5805-11E6-4A30-A291-701B7D25C003}.Debug|Any CPU.Build.0 = Debug|Any CPU
		{EABB5805-11E6-4A30-A291-701B7D25C003}.Release|Any CPU.ActiveCfg = Release|Any CPU
		{EABB5805-11E6-4A30-A291-701B7D25C003}.Release|Any CPU.Build.0 = Release|Any CPU
		{A19F9AC9-1A33-4702-BCF7-949C6053C939}.Debug|Any CPU.ActiveCfg = Debug|Any CPU
		{A19F9AC9-1A33-4702-BCF7-949C6053C939}.Debug|Any CPU.Build.0 = Debug|Any CPU
		{A19F9AC9-1A33-4702-BCF7-949C6053C939}.Release|Any CPU.ActiveCfg = Release|Any CPU
		{A19F9AC9-1A33-4702-BCF7-949C6053C939}.Release|Any CPU.Build.0 = Release|Any CPU
		{49A0DA17-28B9-4C3B-A79B-C7BB9F4577AA}.Debug|Any CPU.ActiveCfg = Debug|Any CPU
		{49A0DA17-28B9-4C3B-A79B-C7BB9F4577AA}.Debug|Any CPU.Build.0 = Debug|Any CPU
		{49A0DA17-28B9-4C3B-A79B-C7BB9F4577AA}.Release|Any CPU.ActiveCfg = Release|Any CPU
		{49A0DA17-28B9-4C3B-A79B-C7BB9F4577AA}.Release|Any CPU.Build.0 = Release|Any CPU
	EndGlobalSection
	GlobalSection(SolutionProperties) = preSolution
		HideSolutionNode = FALSE
	EndGlobalSection
	GlobalSection(ExtensibilityGlobals) = postSolution
		SolutionGuid = {77E6F458-ACD0-4821-8F56-12088A8CB708}
	EndGlobalSection
EndGlobal
