
Microsoft Visual Studio Solution File, Format Version 12.00
# Visual Studio Version 16
VisualStudioVersion = 16.0.30011.22
MinimumVisualStudioVersion = 10.0.40219.1
Project("{FAE04EC0-301F-11D3-BF4B-00C04F79EFBC}") = "ProductManager", "ProductManager\ProductManager.csproj", "{1AD170CD-B336-4CC2-A94A-88BC5CBFA60B}"
EndProject
Global
	GlobalSection(SolutionConfigurationPlatforms) = preSolution
		Debug|Any CPU = Debug|Any CPU
		Release|Any CPU = Release|Any CPU
	EndGlobalSection
	GlobalSection(ProjectConfigurationPlatforms) = postSolution
		{1AD170CD-B336-4CC2-A94A-88BC5CBFA60B}.Debug|Any CPU.ActiveCfg = Debug|Any CPU
		{1AD170CD-B336-4CC2-A94A-88BC5CBFA60B}.Debug|Any CPU.Build.0 = Debug|Any CPU
		{1AD170CD-B336-4CC2-A94A-88BC5CBFA60B}.Release|Any CPU.ActiveCfg = Release|Any CPU
		{1AD170CD-B336-4CC2-A94A-88BC5CBFA60B}.Release|Any CPU.Build.0 = Release|Any CPU
	EndGlobalSection
	GlobalSection(SolutionProperties) = preSolution
		HideSolutionNode = FALSE
	EndGlobalSection
	GlobalSection(ExtensibilityGlobals) = postSolution
		SolutionGuid = {77E6F458-ACD0-4821-8F56-12088A8CB708}
	EndGlobalSection
EndGlobal
